
Microsoft Visual Studio Solution File, Format Version 12.00
# Visual Studio 15
VisualStudioVersion = 15.0.26730.10
MinimumVisualStudioVersion = 10.0.40219.1
Project("{FAE04EC0-301F-11D3-BF4B-00C04F79EFBC}") = "Dealership", "Dealership\Dealership.csproj", "{DDF35295-FEA5-4048-9719-DFBBCE259D29}"
EndProject
Global
	GlobalSection(SolutionConfigurationPlatforms) = preSolution
		Debug|Any CPU = Debug|Any CPU
		Release|Any CPU = Release|Any CPU
	EndGlobalSection
	GlobalSection(ProjectConfigurationPlatforms) = postSolution
		{DDF35295-FEA5-4048-9719-DFBBCE259D29}.Debug|Any CPU.ActiveCfg = Debug|Any CPU
		{DDF35295-FEA5-4048-9719-DFBBCE259D29}.Debug|Any CPU.Build.0 = Debug|Any CPU
		{DDF35295-FEA5-4048-9719-DFBBCE259D29}.Release|Any CPU.ActiveCfg = Release|Any CPU
		{DDF35295-FEA5-4048-9719-DFBBCE259D29}.Release|Any CPU.Build.0 = Release|Any CPU
	EndGlobalSection
	GlobalSection(SolutionProperties) = preSolution
		HideSolutionNode = FALSE
	EndGlobalSection
	GlobalSection(ExtensibilityGlobals) = postSolution
		SolutionGuid = {CA04A836-B28C-48A7-AB0D-DEBEDE6C6155}
	EndGlobalSection
EndGlobal
